
Microsoft Visual Studio Solution File, Format Version 12.00
# Visual Studio Version 17
VisualStudioVersion = 17.10.35013.160
MinimumVisualStudioVersion = 10.0.40219.1
Project("{9A19103F-16F7-4668-BE54-9A1E7A4F7556}") = "WebContabs", "WebContabs\WebContabs.csproj", "{45A15622-92A8-4951-876D-BC04ABEB932D}"
EndProject
Project("{FAE04EC0-301F-11D3-BF4B-00C04F79EFBC}") = "ApiMyContabs", "ApiMyContabs\ApiMyContabs.csproj", "{15F44A17-962C-4A47-99F0-49A9213C7FD0}"
EndProject
Global
	GlobalSection(SolutionConfigurationPlatforms) = preSolution
		Debug|Any CPU = Debug|Any CPU
		Release|Any CPU = Release|Any CPU
	EndGlobalSection
	GlobalSection(ProjectConfigurationPlatforms) = postSolution
		{45A15622-92A8-4951-876D-BC04ABEB932D}.Debug|Any CPU.ActiveCfg = Debug|Any CPU
		{45A15622-92A8-4951-876D-BC04ABEB932D}.Debug|Any CPU.Build.0 = Debug|Any CPU
		{45A15622-92A8-4951-876D-BC04ABEB932D}.Release|Any CPU.ActiveCfg = Release|Any CPU
		{45A15622-92A8-4951-876D-BC04ABEB932D}.Release|Any CPU.Build.0 = Release|Any CPU
		{15F44A17-962C-4A47-99F0-49A9213C7FD0}.Debug|Any CPU.ActiveCfg = Debug|Any CPU
		{15F44A17-962C-4A47-99F0-49A9213C7FD0}.Debug|Any CPU.Build.0 = Debug|Any CPU
		{15F44A17-962C-4A47-99F0-49A9213C7FD0}.Release|Any CPU.ActiveCfg = Release|Any CPU
		{15F44A17-962C-4A47-99F0-49A9213C7FD0}.Release|Any CPU.Build.0 = Release|Any CPU
	EndGlobalSection
	GlobalSection(SolutionProperties) = preSolution
		HideSolutionNode = FALSE
	EndGlobalSection
	GlobalSection(ExtensibilityGlobals) = postSolution
		SolutionGuid = {57B1AF3F-7C0D-4A8D-AECC-980D9E5E49DD}
	EndGlobalSection
EndGlobal
